{
  "nodes": {
    "home-manager": {
      "inputs": {
        "nixpkgs": [
          "nixpkgs"
        ]
      },
      "locked": {
        "lastModified": 1724412552,
        "narHash": "sha256-e5t8dwb9VkQD6CUtZKYcEmraBMTHda94HF7ws62224M=",
        "owner": "nix-community",
        "repo": "home-manager",
        "rev": "40ddec2f8a71d9fb92735f0553dc81a8825596c4",
        "type": "github"
      },
      "original": {
        "owner": "nix-community",
        "repo": "home-manager",
        "type": "github"
      }
    },
    "nixpkgs": {
      "locked": {
        "lastModified": 1724378469,
        "narHash": "sha256-Y2xPDscDy0/yupnTvr5mNHi31/PyDTyhYa5lsq12+G4=",
        "owner": "nixos",
        "repo": "nixpkgs",
        "rev": "e1c79ad8df16698b33bfcfc40f8e64609cacd3fb",
        "type": "github"
      },
      "original": {
        "owner": "nixos",
        "repo": "nixpkgs",
        "type": "github"
      }
    },
    "root": {
      "inputs": {
        "home-manager": "home-manager",
        "nixpkgs": "nixpkgs"
      }
    }
  },
  "root": "root",
  "version": 7
}
