{
  "nodes": {
    "home-manager": {
      "inputs": {
        "nixpkgs": [
          "nixpkgs"
        ]
      },
      "locked": {
        "lastModified": 1737575492,
        "narHash": "sha256-qa/D3NC1JoApnUuLrq1gseBmIxeg6icm/ojPgggMDVQ=",
        "owner": "nix-community",
        "repo": "home-manager",
        "rev": "cefb1889b96ddd1dac3dd4734e894f4cadab7802",
        "type": "github"
      },
      "original": {
        "owner": "nix-community",
        "repo": "home-manager",
        "type": "github"
      }
    },
    "nixpkgs": {
      "locked": {
        "lastModified": 1737584624,
        "narHash": "sha256-lu2fAyD2KJSg/5syJCSrspbNHvpfllbi3IDLlryvOrQ=",
        "owner": "nixos",
        "repo": "nixpkgs",
        "rev": "77cb9829856026ee6edfd06cd379a9e7428ff005",
        "type": "github"
      },
      "original": {
        "owner": "nixos",
        "repo": "nixpkgs",
        "type": "github"
      }
    },
    "root": {
      "inputs": {
        "home-manager": "home-manager",
        "nixpkgs": "nixpkgs"
      }
    }
  },
  "root": "root",
  "version": 7
}
